name: update-flake-lock
on:
  workflow_dispatch: # allows manual triggering
  schedule:
    - cron: '0 0 * * 1,4' # Run twice a week

jobs:
  lockfile:
    permissions:
      contents: write
      pull-requests: write
    runs-on: ubuntu-latest
    steps:
      - name: Checkout repository
        uses: actions/checkout@v4

      - uses: webfactory/ssh-agent@master
        with:
          ssh-private-key: ${{ secrets.SSH_PRIVATE_KEY }}

      - name: Install Determinate Nix
        uses: DeterminateSystems/determinate-nix-action@main

      - name: Update flake.lock
        uses: DeterminateSystems/update-flake-lock@main
        with:
          token: ${{ secrets.GH_TOKEN_FOR_UPDATES }}
          commit-msg: "action: update `flake.lock`"
          pr-title: "action: update `flake.lock`"
          pr-labels: |
            dependencies
            automated

      - name: Enable Pull Request Automerge
        run: gh pr merge --auto --rebase
        env:
          GH_TOKEN: ${{ secrets.GH_TOKEN_FOR_UPDATES }}
